
Microsoft Visual Studio Solution File, Format Version 12.00
# Visual Studio Version 16
VisualStudioVersion = 16.0.31702.278
MinimumVisualStudioVersion = 10.0.40219.1
Project("{FAE04EC0-301F-11D3-BF4B-00C04F79EFBC}") = "TeamCitySampleApp", "TeamCitySampleApp.csproj", "{D9F0F979-EF09-4AB1-9171-16AF52723EEE}"
EndProject
Global
	GlobalSection(SolutionConfigurationPlatforms) = preSolution
		Debug|Any CPU = Debug|Any CPU
		Release|Any CPU = Release|Any CPU
	EndGlobalSection
	GlobalSection(ProjectConfigurationPlatforms) = postSolution
		{D9F0F979-EF09-4AB1-9171-16AF52723EEE}.Debug|Any CPU.ActiveCfg = Debug|Any CPU
		{D9F0F979-EF09-4AB1-9171-16AF52723EEE}.Debug|Any CPU.Build.0 = Debug|Any CPU
		{D9F0F979-EF09-4AB1-9171-16AF52723EEE}.Release|Any CPU.ActiveCfg = Release|Any CPU
		{D9F0F979-EF09-4AB1-9171-16AF52723EEE}.Release|Any CPU.Build.0 = Release|Any CPU
	EndGlobalSection
	GlobalSection(SolutionProperties) = preSolution
		HideSolutionNode = FALSE
	EndGlobalSection
	GlobalSection(ExtensibilityGlobals) = postSolution
		SolutionGuid = {05059BF5-FF4A-48F0-8D35-F7C63C7DDB8B}
	EndGlobalSection
EndGlobal
